
Microsoft Visual Studio Solution File, Format Version 12.00
# Visual Studio 15
Project("{FAE04EC0-301F-11D3-BF4B-00C04F79EFBC}") = "com.unity.animations.springbone", "com.unity.animations.springbone.csproj", "{8854CBD3-80F2-8F23-68F4-8C31AD0733A0}"
EndProject
Project("{FAE04EC0-301F-11D3-BF4B-00C04F79EFBC}") = "WaterSystem", "WaterSystem.csproj", "{8C524C5F-011C-B7A0-85CE-6CE5D5B23C77}"
EndProject
Project("{FAE04EC0-301F-11D3-BF4B-00C04F79EFBC}") = "Unity.UniversalToonShader.Urp.Editor", "Unity.UniversalToonShader.Urp.Editor.csproj", "{D9115BC1-25AE-6B9C-5DF9-DCADE4F1C926}"
EndProject
Project("{FAE04EC0-301F-11D3-BF4B-00C04F79EFBC}") = "com.unity.animations.springbone.editor", "com.unity.animations.springbone.editor.csproj", "{E3DD64B8-C685-BE2D-2026-0769EF4B7907}"
EndProject
Project("{FAE04EC0-301F-11D3-BF4B-00C04F79EFBC}") = "WaterSystem.Editor", "WaterSystem.Editor.csproj", "{271DB583-AD95-2DED-0378-D2ED1849B040}"
EndProject
Global
	GlobalSection(SolutionConfigurationPlatforms) = preSolution
		Debug|Any CPU = Debug|Any CPU
		Release|Any CPU = Release|Any CPU
	EndGlobalSection
	GlobalSection(ProjectConfigurationPlatforms) = postSolution
		{8854CBD3-80F2-8F23-68F4-8C31AD0733A0}.Debug|Any CPU.ActiveCfg = Debug|Any CPU
		{8854CBD3-80F2-8F23-68F4-8C31AD0733A0}.Debug|Any CPU.Build.0 = Debug|Any CPU
		{8854CBD3-80F2-8F23-68F4-8C31AD0733A0}.Release|Any CPU.ActiveCfg = Release|Any CPU
		{8854CBD3-80F2-8F23-68F4-8C31AD0733A0}.Release|Any CPU.Build.0 = Release|Any CPU
		{8C524C5F-011C-B7A0-85CE-6CE5D5B23C77}.Debug|Any CPU.ActiveCfg = Debug|Any CPU
		{8C524C5F-011C-B7A0-85CE-6CE5D5B23C77}.Debug|Any CPU.Build.0 = Debug|Any CPU
		{8C524C5F-011C-B7A0-85CE-6CE5D5B23C77}.Release|Any CPU.ActiveCfg = Release|Any CPU
		{8C524C5F-011C-B7A0-85CE-6CE5D5B23C77}.Release|Any CPU.Build.0 = Release|Any CPU
		{D9115BC1-25AE-6B9C-5DF9-DCADE4F1C926}.Debug|Any CPU.ActiveCfg = Debug|Any CPU
		{D9115BC1-25AE-6B9C-5DF9-DCADE4F1C926}.Debug|Any CPU.Build.0 = Debug|Any CPU
		{D9115BC1-25AE-6B9C-5DF9-DCADE4F1C926}.Release|Any CPU.ActiveCfg = Release|Any CPU
		{D9115BC1-25AE-6B9C-5DF9-DCADE4F1C926}.Release|Any CPU.Build.0 = Release|Any CPU
		{E3DD64B8-C685-BE2D-2026-0769EF4B7907}.Debug|Any CPU.ActiveCfg = Debug|Any CPU
		{E3DD64B8-C685-BE2D-2026-0769EF4B7907}.Debug|Any CPU.Build.0 = Debug|Any CPU
		{E3DD64B8-C685-BE2D-2026-0769EF4B7907}.Release|Any CPU.ActiveCfg = Release|Any CPU
		{E3DD64B8-C685-BE2D-2026-0769EF4B7907}.Release|Any CPU.Build.0 = Release|Any CPU
		{271DB583-AD95-2DED-0378-D2ED1849B040}.Debug|Any CPU.ActiveCfg = Debug|Any CPU
		{271DB583-AD95-2DED-0378-D2ED1849B040}.Debug|Any CPU.Build.0 = Debug|Any CPU
		{271DB583-AD95-2DED-0378-D2ED1849B040}.Release|Any CPU.ActiveCfg = Release|Any CPU
		{271DB583-AD95-2DED-0378-D2ED1849B040}.Release|Any CPU.Build.0 = Release|Any CPU
	EndGlobalSection
	GlobalSection(SolutionProperties) = preSolution
		HideSolutionNode = FALSE
	EndGlobalSection
EndGlobal
